// !$*UTF8*$!
{
	archiveVersion = 1;
	classes = {
	};
	objectVersion = 56;
	objects = {

/* Begin PBXBuildFile section */
		98C26DB62A092F6500FABD95 /* AppDelegate.swift in Sources */ = {isa = PBXBuildFile; fileRef = 98C26DB52A092F6500FABD95 /* AppDelegate.swift */; };
		98C26DB82A092F6500FABD95 /* SceneDelegate.swift in Sources */ = {isa = PBXBuildFile; fileRef = 98C26DB72A092F6500FABD95 /* SceneDelegate.swift */; };
		98C26DBA2A092F6500FABD95 /* ViewController.swift in Sources */ = {isa = PBXBuildFile; fileRef = 98C26DB92A092F6500FABD95 /* ViewController.swift */; };
		98C26DBD2A092F6500FABD95 /* Main.storyboard in Resources */ = {isa = PBXBuildFile; fileRef = 98C26DBB2A092F6500FABD95 /* Main.storyboard */; };
		98C26DBF2A092F6C00FABD95 /* Assets.xcassets in Resources */ = {isa = PBXBuildFile; fileRef = 98C26DBE2A092F6C00FABD95 /* Assets.xcassets */; };
		98C26DC22A092F6C00FABD95 /* LaunchScreen.storyboard in Resources */ = {isa = PBXBuildFile; fileRef = 98C26DC02A092F6C00FABD95 /* LaunchScreen.storyboard */; };
		98C26DE32A092FBE00FABD95 /* bgBlue.png in Resources */ = {isa = PBXBuildFile; fileRef = 98C26DCB2A092FBE00FABD95 /* bgBlue.png */; };
		98C26DE42A092FBE00FABD95 /* bgGreen.png in Resources */ = {isa = PBXBuildFile; fileRef = 98C26DCC2A092FBE00FABD95 /* bgGreen.png */; };
		98C26DE52A092FBE00FABD95 /* gacha.png in Resources */ = {isa = PBXBuildFile; fileRef = 98C26DCD2A092FBE00FABD95 /* gacha.png */; };
		98C26DE62A092FBE00FABD95 /* bgRed.png in Resources */ = {isa = PBXBuildFile; fileRef = 98C26DCE2A092FBE00FABD95 /* bgRed.png */; };
		98C26DE72A092FBE00FABD95 /* Presentbox.png in Resources */ = {isa = PBXBuildFile; fileRef = 98C26DCF2A092FBE00FABD95 /* Presentbox.png */; };
		98C26DE82A092FBE00FABD95 /* mediaArt.png in Resources */ = {isa = PBXBuildFile; fileRef = 98C26DD12A092FBE00FABD95 /* mediaArt.png */; };
		98C26DE92A092FBE00FABD95 /* digitalMusic.png in Resources */ = {isa = PBXBuildFile; fileRef = 98C26DD22A092FBE00FABD95 /* digitalMusic.png */; };
		98C26DEA2A092FBE00FABD95 /* unity.png in Resources */ = {isa = PBXBuildFile; fileRef = 98C26DD32A092FBE00FABD95 /* unity.png */; };
		98C26DEB2A092FBE00FABD95 /* designer.png in Resources */ = {isa = PBXBuildFile; fileRef = 98C26DD42A092FBE00FABD95 /* designer.png */; };
		98C26DEC2A092FBE00FABD95 /* movie.png in Resources */ = {isa = PBXBuildFile; fileRef = 98C26DD52A092FBE00FABD95 /* movie.png */; };
		98C26DED2A092FBE00FABD95 /* animation.png in Resources */ = {isa = PBXBuildFile; fileRef = 98C26DD62A092FBE00FABD95 /* animation.png */; };
		98C26DEE2A092FBE00FABD95 /* webService.png in Resources */ = {isa = PBXBuildFile; fileRef = 98C26DD72A092FBE00FABD95 /* webService.png */; };
		98C26DEF2A092FBE00FABD95 /* android.png in Resources */ = {isa = PBXBuildFile; fileRef = 98C26DD82A092FBE00FABD95 /* android.png */; };
		98C26DF02A092FBE00FABD95 /* IoTMesh.png in Resources */ = {isa = PBXBuildFile; fileRef = 98C26DD92A092FBE00FABD95 /* IoTMesh.png */; };
		98C26DF12A092FBE00FABD95 /* minecraft.png in Resources */ = {isa = PBXBuildFile; fileRef = 98C26DDA2A092FBE00FABD95 /* minecraft.png */; };
		98C26DF22A092FBE00FABD95 /* maya.png in Resources */ = {isa = PBXBuildFile; fileRef = 98C26DDB2A092FBE00FABD95 /* maya.png */; };
		98C26DF32A092FBE00FABD95 /* iphone.png in Resources */ = {isa = PBXBuildFile; fileRef = 98C26DDC2A092FBE00FABD95 /* iphone.png */; };
		98C26DF42A092FBE00FABD95 /* webDesign.png in Resources */ = {isa = PBXBuildFile; fileRef = 98C26DDD2A092FBE00FABD95 /* webDesign.png */; };
		98C26DF52A092FBE00FABD95 /* README.txt in Resources */ = {isa = PBXBuildFile; fileRef = 98C26DDE2A092FBE00FABD95 /* README.txt */; };
		98C26DF62A092FBE00FABD95 /* miku.png in Resources */ = {isa = PBXBuildFile; fileRef = 98C26DDF2A092FBE00FABD95 /* miku.png */; };
		98C26DF72A092FBE00FABD95 /* 2DGame.png in Resources */ = {isa = PBXBuildFile; fileRef = 98C26DE02A092FBE00FABD95 /* 2DGame.png */; };
		98C26DF82A092FBE00FABD95 /* line.png in Resources */ = {isa = PBXBuildFile; fileRef = 98C26DE12A092FBE00FABD95 /* line.png */; };
		98C26DF92A092FBE00FABD95 /* camera.png in Resources */ = {isa = PBXBuildFile; fileRef = 98C26DE22A092FBE00FABD95 /* camera.png */; };
		98C26DFB2A09321500FABD95 /* ResultViewController.swift in Sources */ = {isa = PBXBuildFile; fileRef = 98C26DFA2A09321500FABD95 /* ResultViewController.swift */; };
/* End PBXBuildFile section */

/* Begin PBXFileReference section */
		98C26DB22A092F6500FABD95 /* Gacha.app */ = {isa = PBXFileReference; explicitFileType = wrapper.application; includeInIndex = 0; path = Gacha.app; sourceTree = BUILT_PRODUCTS_DIR; };
		98C26DB52A092F6500FABD95 /* AppDelegate.swift */ = {isa = PBXFileReference; lastKnownFileType = sourcecode.swift; path = AppDelegate.swift; sourceTree = "<group>"; };
		98C26DB72A092F6500FABD95 /* SceneDelegate.swift */ = {isa = PBXFileReference; lastKnownFileType = sourcecode.swift; path = SceneDelegate.swift; sourceTree = "<group>"; };
		98C26DB92A092F6500FABD95 /* ViewController.swift */ = {isa = PBXFileReference; lastKnownFileType = sourcecode.swift; path = ViewController.swift; sourceTree = "<group>"; };
		98C26DBC2A092F6500FABD95 /* Base */ = {isa = PBXFileReference; lastKnownFileType = file.storyboard; name = Base; path = Base.lproj/Main.storyboard; sourceTree = "<group>"; };
		98C26DBE2A092F6C00FABD95 /* Assets.xcassets */ = {isa = PBXFileReference; lastKnownFileType = folder.assetcatalog; path = Assets.xcassets; sourceTree = "<group>"; };
		98C26DC12A092F6C00FABD95 /* Base */ = {isa = PBXFileReference; lastKnownFileType = file.storyboard; name = Base; path = Base.lproj/LaunchScreen.storyboard; sourceTree = "<group>"; };
		98C26DC32A092F6C00FABD95 /* Info.plist */ = {isa = PBXFileReference; lastKnownFileType = text.plist.xml; path = Info.plist; sourceTree = "<group>"; };
		98C26DCB2A092FBE00FABD95 /* bgBlue.png */ = {isa = PBXFileReference; lastKnownFileType = image.png; path = bgBlue.png; sourceTree = "<group>"; };
		98C26DCC2A092FBE00FABD95 /* bgGreen.png */ = {isa = PBXFileReference; lastKnownFileType = image.png; path = bgGreen.png; sourceTree = "<group>"; };
		98C26DCD2A092FBE00FABD95 /* gacha.png */ = {isa = PBXFileReference; lastKnownFileType = image.png; path = gacha.png; sourceTree = "<group>"; };
		98C26DCE2A092FBE00FABD95 /* bgRed.png */ = {isa = PBXFileReference; lastKnownFileType = image.png; path = bgRed.png; sourceTree = "<group>"; };
		98C26DCF2A092FBE00FABD95 /* Presentbox.png */ = {isa = PBXFileReference; lastKnownFileType = image.png; path = Presentbox.png; sourceTree = "<group>"; };
		98C26DD12A092FBE00FABD95 /* mediaArt.png */ = {isa = PBXFileReference; lastKnownFileType = image.png; path = mediaArt.png; sourceTree = "<group>"; };
		98C26DD22A092FBE00FABD95 /* digitalMusic.png */ = {isa = PBXFileReference; lastKnownFileType = image.png; path = digitalMusic.png; sourceTree = "<group>"; };
		98C26DD32A092FBE00FABD95 /* unity.png */ = {isa = PBXFileReference; lastKnownFileType = image.png; path = unity.png; sourceTree = "<group>"; };
		98C26DD42A092FBE00FABD95 /* designer.png */ = {isa = PBXFileReference; lastKnownFileType = image.png; path = designer.png; sourceTree = "<group>"; };
		98C26DD52A092FBE00FABD95 /* movie.png */ = {isa = PBXFileReference; lastKnownFileType = image.png; path = movie.png; sourceTree = "<group>"; };
		98C26DD62A092FBE00FABD95 /* animation.png */ = {isa = PBXFileReference; lastKnownFileType = image.png; path = animation.png; sourceTree = "<group>"; };
		98C26DD72A092FBE00FABD95 /* webService.png */ = {isa = PBXFileReference; lastKnownFileType = image.png; path = webService.png; sourceTree = "<group>"; };
		98C26DD82A092FBE00FABD95 /* android.png */ = {isa = PBXFileReference; lastKnownFileType = image.png; path = android.png; sourceTree = "<group>"; };
		98C26DD92A092FBE00FABD95 /* IoTMesh.png */ = {isa = PBXFileReference; lastKnownFileType = image.png; path = IoTMesh.png; sourceTree = "<group>"; };
		98C26DDA2A092FBE00FABD95 /* minecraft.png */ = {isa = PBXFileReference; lastKnownFileType = image.png; path = minecraft.png; sourceTree = "<group>"; };
		98C26DDB2A092FBE00FABD95 /* maya.png */ = {isa = PBXFileReference; lastKnownFileType = image.png; path = maya.png; sourceTree = "<group>"; };
		98C26DDC2A092FBE00FABD95 /* iphone.png */ = {isa = PBXFileReference; lastKnownFileType = image.png; path = iphone.png; sourceTree = "<group>"; };
		98C26DDD2A092FBE00FABD95 /* webDesign.png */ = {isa = PBXFileReference; lastKnownFileType = image.png; path = webDesign.png; sourceTree = "<group>"; };
		98C26DDE2A092FBE00FABD95 /* README.txt */ = {isa = PBXFileReference; fileEncoding = 4; lastKnownFileType = text; path = README.txt; sourceTree = "<group>"; };
		98C26DDF2A092FBE00FABD95 /* miku.png */ = {isa = PBXFileReference; lastKnownFileType = image.png; path = miku.png; sourceTree = "<group>"; };
		98C26DE02A092FBE00FABD95 /* 2DGame.png */ = {isa = PBXFileReference; lastKnownFileType = image.png; path = 2DGame.png; sourceTree = "<group>"; };
		98C26DE12A092FBE00FABD95 /* line.png */ = {isa = PBXFileReference; lastKnownFileType = image.png; path = line.png; sourceTree = "<group>"; };
		98C26DE22A092FBE00FABD95 /* camera.png */ = {isa = PBXFileReference; lastKnownFileType = image.png; path = camera.png; sourceTree = "<group>"; };
		98C26DFA2A09321500FABD95 /* ResultViewController.swift */ = {isa = PBXFileReference; lastKnownFileType = sourcecode.swift; path = ResultViewController.swift; sourceTree = "<group>"; };
/* End PBXFileReference section */

/* Begin PBXFrameworksBuildPhase section */
		98C26DAF2A092F6500FABD95 /* Frameworks */ = {
			isa = PBXFrameworksBuildPhase;
			buildActionMask = 2147483647;
			files = (
			);
			runOnlyForDeploymentPostprocessing = 0;
		};
/* End PBXFrameworksBuildPhase section */

/* Begin PBXGroup section */
		98C26DA92A092F6500FABD95 = {
			isa = PBXGroup;
			children = (
				98C26DB42A092F6500FABD95 /* Gacha */,
				98C26DB32A092F6500FABD95 /* Products */,
			);
			sourceTree = "<group>";
		};
		98C26DB32A092F6500FABD95 /* Products */ = {
			isa = PBXGroup;
			children = (
				98C26DB22A092F6500FABD95 /* Gacha.app */,
			);
			name = Products;
			sourceTree = "<group>";
		};
		98C26DB42A092F6500FABD95 /* Gacha */ = {
			isa = PBXGroup;
			children = (
				98C26DB52A092F6500FABD95 /* AppDelegate.swift */,
				98C26DB72A092F6500FABD95 /* SceneDelegate.swift */,
				98C26DB92A092F6500FABD95 /* ViewController.swift */,
				98C26DFA2A09321500FABD95 /* ResultViewController.swift */,
				98C26DBB2A092F6500FABD95 /* Main.storyboard */,
				98C26DC92A092FBE00FABD95 /* GachaResources */,
				98C26DBE2A092F6C00FABD95 /* Assets.xcassets */,
				98C26DC02A092F6C00FABD95 /* LaunchScreen.storyboard */,
				98C26DC32A092F6C00FABD95 /* Info.plist */,
			);
			path = Gacha;
			sourceTree = "<group>";
		};
		98C26DC92A092FBE00FABD95 /* GachaResources */ = {
			isa = PBXGroup;
			children = (
				98C26DCA2A092FBE00FABD95 /* background */,
				98C26DD02A092FBE00FABD95 /* character */,
			);
			name = GachaResources;
			path = ../../GachaResources;
			sourceTree = "<group>";
		};
		98C26DCA2A092FBE00FABD95 /* background */ = {
			isa = PBXGroup;
			children = (
				98C26DCB2A092FBE00FABD95 /* bgBlue.png */,
				98C26DCC2A092FBE00FABD95 /* bgGreen.png */,
				98C26DCD2A092FBE00FABD95 /* gacha.png */,
				98C26DCE2A092FBE00FABD95 /* bgRed.png */,
				98C26DCF2A092FBE00FABD95 /* Presentbox.png */,
			);
			path = background;
			sourceTree = "<group>";
		};
		98C26DD02A092FBE00FABD95 /* character */ = {
			isa = PBXGroup;
			children = (
				98C26DD12A092FBE00FABD95 /* mediaArt.png */,
				98C26DD22A092FBE00FABD95 /* digitalMusic.png */,
				98C26DD32A092FBE00FABD95 /* unity.png */,
				98C26DD42A092FBE00FABD95 /* designer.png */,
				98C26DD52A092FBE00FABD95 /* movie.png */,
				98C26DD62A092FBE00FABD95 /* animation.png */,
				98C26DD72A092FBE00FABD95 /* webService.png */,
				98C26DD82A092FBE00FABD95 /* android.png */,
				98C26DD92A092FBE00FABD95 /* IoTMesh.png */,
				98C26DDA2A092FBE00FABD95 /* minecraft.png */,
				98C26DDB2A092FBE00FABD95 /* maya.png */,
				98C26DDC2A092FBE00FABD95 /* iphone.png */,
				98C26DDD2A092FBE00FABD95 /* webDesign.png */,
				98C26DDE2A092FBE00FABD95 /* README.txt */,
				98C26DDF2A092FBE00FABD95 /* miku.png */,
				98C26DE02A092FBE00FABD95 /* 2DGame.png */,
				98C26DE12A092FBE00FABD95 /* line.png */,
				98C26DE22A092FBE00FABD95 /* camera.png */,
			);
			path = character;
			sourceTree = "<group>";
		};
/* End PBXGroup section */

/* Begin PBXNativeTarget section */
		98C26DB12A092F6500FABD95 /* Gacha */ = {
			isa = PBXNativeTarget;
			buildConfigurationList = 98C26DC62A092F6C00FABD95 /* Build configuration list for PBXNativeTarget "Gacha" */;
			buildPhases = (
				98C26DAE2A092F6500FABD95 /* Sources */,
				98C26DAF2A092F6500FABD95 /* Frameworks */,
				98C26DB02A092F6500FABD95 /* Resources */,
			);
			buildRules = (
			);
			dependencies = (
			);
			name = Gacha;
			productName = Gacha;
			productReference = 98C26DB22A092F6500FABD95 /* Gacha.app */;
			productType = "com.apple.product-type.application";
		};
/* End PBXNativeTarget section */

/* Begin PBXProject section */
		98C26DAA2A092F6500FABD95 /* Project object */ = {
			isa = PBXProject;
			attributes = {
				BuildIndependentTargetsInParallel = 1;
				LastSwiftUpdateCheck = 1430;
				LastUpgradeCheck = 1430;
				TargetAttributes = {
					98C26DB12A092F6500FABD95 = {
						CreatedOnToolsVersion = 14.3;
					};
				};
			};
			buildConfigurationList = 98C26DAD2A092F6500FABD95 /* Build configuration list for PBXProject "Gacha" */;
			compatibilityVersion = "Xcode 14.0";
			developmentRegion = en;
			hasScannedForEncodings = 0;
			knownRegions = (
				en,
				Base,
			);
			mainGroup = 98C26DA92A092F6500FABD95;
			productRefGroup = 98C26DB32A092F6500FABD95 /* Products */;
			projectDirPath = "";
			projectRoot = "";
			targets = (
				98C26DB12A092F6500FABD95 /* Gacha */,
			);
		};
/* End PBXProject section */

/* Begin PBXResourcesBuildPhase section */
		98C26DB02A092F6500FABD95 /* Resources */ = {
			isa = PBXResourcesBuildPhase;
			buildActionMask = 2147483647;
			files = (
				98C26DC22A092F6C00FABD95 /* LaunchScreen.storyboard in Resources */,
				98C26DE82A092FBE00FABD95 /* mediaArt.png in Resources */,
				98C26DF52A092FBE00FABD95 /* README.txt in Resources */,
				98C26DE92A092FBE00FABD95 /* digitalMusic.png in Resources */,
				98C26DE62A092FBE00FABD95 /* bgRed.png in Resources */,
				98C26DEC2A092FBE00FABD95 /* movie.png in Resources */,
				98C26DF92A092FBE00FABD95 /* camera.png in Resources */,
				98C26DF12A092FBE00FABD95 /* minecraft.png in Resources */,
				98C26DF42A092FBE00FABD95 /* webDesign.png in Resources */,
				98C26DEB2A092FBE00FABD95 /* designer.png in Resources */,
				98C26DEE2A092FBE00FABD95 /* webService.png in Resources */,
				98C26DBF2A092F6C00FABD95 /* Assets.xcassets in Resources */,
				98C26DE72A092FBE00FABD95 /* Presentbox.png in Resources */,
				98C26DEA2A092FBE00FABD95 /* unity.png in Resources */,
				98C26DF72A092FBE00FABD95 /* 2DGame.png in Resources */,
				98C26DF02A092FBE00FABD95 /* IoTMesh.png in Resources */,
				98C26DF32A092FBE00FABD95 /* iphone.png in Resources */,
				98C26DF82A092FBE00FABD95 /* line.png in Resources */,
				98C26DF22A092FBE00FABD95 /* maya.png in Resources */,
				98C26DF62A092FBE00FABD95 /* miku.png in Resources */,
				98C26DE42A092FBE00FABD95 /* bgGreen.png in Resources */,
				98C26DE32A092FBE00FABD95 /* bgBlue.png in Resources */,
				98C26DE52A092FBE00FABD95 /* gacha.png in Resources */,
				98C26DED2A092FBE00FABD95 /* animation.png in Resources */,
				98C26DBD2A092F6500FABD95 /* Main.storyboard in Resources */,
				98C26DEF2A092FBE00FABD95 /* android.png in Resources */,
			);
			runOnlyForDeploymentPostprocessing = 0;
		};
/* End PBXResourcesBuildPhase section */

/* Begin PBXSourcesBuildPhase section */
		98C26DAE2A092F6500FABD95 /* Sources */ = {
			isa = PBXSourcesBuildPhase;
			buildActionMask = 2147483647;
			files = (
				98C26DBA2A092F6500FABD95 /* ViewController.swift in Sources */,
				98C26DB62A092F6500FABD95 /* AppDelegate.swift in Sources */,
				98C26DB82A092F6500FABD95 /* SceneDelegate.swift in Sources */,
				98C26DFB2A09321500FABD95 /* ResultViewController.swift in Sources */,
			);
			runOnlyForDeploymentPostprocessing = 0;
		};
/* End PBXSourcesBuildPhase section */

/* Begin PBXVariantGroup section */
		98C26DBB2A092F6500FABD95 /* Main.storyboard */ = {
			isa = PBXVariantGroup;
			children = (
				98C26DBC2A092F6500FABD95 /* Base */,
			);
			name = Main.storyboard;
			sourceTree = "<group>";
		};
		98C26DC02A092F6C00FABD95 /* LaunchScreen.storyboard */ = {
			isa = PBXVariantGroup;
			children = (
				98C26DC12A092F6C00FABD95 /* Base */,
			);
			name = LaunchScreen.storyboard;
			sourceTree = "<group>";
		};
/* End PBXVariantGroup section */

/* Begin XCBuildConfiguration section */
		98C26DC42A092F6C00FABD95 /* Debug */ = {
			isa = XCBuildConfiguration;
			buildSettings = {
				ALWAYS_SEARCH_USER_PATHS = NO;
				CLANG_ANALYZER_NONNULL = YES;
				CLANG_ANALYZER_NUMBER_OBJECT_CONVERSION = YES_AGGRESSIVE;
				CLANG_CXX_LANGUAGE_STANDARD = "gnu++20";
				CLANG_ENABLE_MODULES = YES;
				CLANG_ENABLE_OBJC_ARC = YES;
				CLANG_ENABLE_OBJC_WEAK = YES;
				CLANG_WARN_BLOCK_CAPTURE_AUTORELEASING = YES;
				CLANG_WARN_BOOL_CONVERSION = YES;
				CLANG_WARN_COMMA = YES;
				CLANG_WARN_CONSTANT_CONVERSION = YES;
				CLANG_WARN_DEPRECATED_OBJC_IMPLEMENTATIONS = YES;
				CLANG_WARN_DIRECT_OBJC_ISA_USAGE = YES_ERROR;
				CLANG_WARN_DOCUMENTATION_COMMENTS = YES;
				CLANG_WARN_EMPTY_BODY = YES;
				CLANG_WARN_ENUM_CONVERSION = YES;
				CLANG_WARN_INFINITE_RECURSION = YES;
				CLANG_WARN_INT_CONVERSION = YES;
				CLANG_WARN_NON_LITERAL_NULL_CONVERSION = YES;
				CLANG_WARN_OBJC_IMPLICIT_RETAIN_SELF = YES;
				CLANG_WARN_OBJC_LITERAL_CONVERSION = YES;
				CLANG_WARN_OBJC_ROOT_CLASS = YES_ERROR;
				CLANG_WARN_QUOTED_INCLUDE_IN_FRAMEWORK_HEADER = YES;
				CLANG_WARN_RANGE_LOOP_ANALYSIS = YES;
				CLANG_WARN_STRICT_PROTOTYPES = YES;
				CLANG_WARN_SUSPICIOUS_MOVE = YES;
				CLANG_WARN_UNGUARDED_AVAILABILITY = YES_AGGRESSIVE;
				CLANG_WARN_UNREACHABLE_CODE = YES;
				CLANG_WARN__DUPLICATE_METHOD_MATCH = YES;
				COPY_PHASE_STRIP = NO;
				DEBUG_INFORMATION_FORMAT = dwarf;
				ENABLE_STRICT_OBJC_MSGSEND = YES;
				ENABLE_TESTABILITY = YES;
				GCC_C_LANGUAGE_STANDARD = gnu11;
				GCC_DYNAMIC_NO_PIC = NO;
				GCC_NO_COMMON_BLOCKS = YES;
				GCC_OPTIMIZATION_LEVEL = 0;
				GCC_PREPROCESSOR_DEFINITIONS = (
					"DEBUG=1",
					"$(inherited)",
				);
				GCC_WARN_64_TO_32_BIT_CONVERSION = YES;
				GCC_WARN_ABOUT_RETURN_TYPE = YES_ERROR;
				GCC_WARN_UNDECLARED_SELECTOR = YES;
				GCC_WARN_UNINITIALIZED_AUTOS = YES_AGGRESSIVE;
				GCC_WARN_UNUSED_FUNCTION = YES;
				GCC_WARN_UNUSED_VARIABLE = YES;
				IPHONEOS_DEPLOYMENT_TARGET = 16.4;
				MTL_ENABLE_DEBUG_INFO = INCLUDE_SOURCE;
				MTL_FAST_MATH = YES;
				ONLY_ACTIVE_ARCH = YES;
				SDKROOT = iphoneos;
				SWIFT_ACTIVE_COMPILATION_CONDITIONS = DEBUG;
				SWIFT_OPTIMIZATION_LEVEL = "-Onone";
			};
			name = Debug;
		};
		98C26DC52A092F6C00FABD95 /* Release */ = {
			isa = XCBuildConfiguration;
			buildSettings = {
				ALWAYS_SEARCH_USER_PATHS = NO;
				CLANG_ANALYZER_NONNULL = YES;
				CLANG_ANALYZER_NUMBER_OBJECT_CONVERSION = YES_AGGRESSIVE;
				CLANG_CXX_LANGUAGE_STANDARD = "gnu++20";
				CLANG_ENABLE_MODULES = YES;
				CLANG_ENABLE_OBJC_ARC = YES;
				CLANG_ENABLE_OBJC_WEAK = YES;
				CLANG_WARN_BLOCK_CAPTURE_AUTORELEASING = YES;
				CLANG_WARN_BOOL_CONVERSION = YES;
				CLANG_WARN_COMMA = YES;
				CLANG_WARN_CONSTANT_CONVERSION = YES;
				CLANG_WARN_DEPRECATED_OBJC_IMPLEMENTATIONS = YES;
				CLANG_WARN_DIRECT_OBJC_ISA_USAGE = YES_ERROR;
				CLANG_WARN_DOCUMENTATION_COMMENTS = YES;
				CLANG_WARN_EMPTY_BODY = YES;
				CLANG_WARN_ENUM_CONVERSION = YES;
				CLANG_WARN_INFINITE_RECURSION = YES;
				CLANG_WARN_INT_CONVERSION = YES;
				CLANG_WARN_NON_LITERAL_NULL_CONVERSION = YES;
				CLANG_WARN_OBJC_IMPLICIT_RETAIN_SELF = YES;
				CLANG_WARN_OBJC_LITERAL_CONVERSION = YES;
				CLANG_WARN_OBJC_ROOT_CLASS = YES_ERROR;
				CLANG_WARN_QUOTED_INCLUDE_IN_FRAMEWORK_HEADER = YES;
				CLANG_WARN_RANGE_LOOP_ANALYSIS = YES;
				CLANG_WARN_STRICT_PROTOTYPES = YES;
				CLANG_WARN_SUSPICIOUS_MOVE = YES;
				CLANG_WARN_UNGUARDED_AVAILABILITY = YES_AGGRESSIVE;
				CLANG_WARN_UNREACHABLE_CODE = YES;
				CLANG_WARN__DUPLICATE_METHOD_MATCH = YES;
				COPY_PHASE_STRIP = NO;
				DEBUG_INFORMATION_FORMAT = "dwarf-with-dsym";
				ENABLE_NS_ASSERTIONS = NO;
				ENABLE_STRICT_OBJC_MSGSEND = YES;
				GCC_C_LANGUAGE_STANDARD = gnu11;
				GCC_NO_COMMON_BLOCKS = YES;
				GCC_WARN_64_TO_32_BIT_CONVERSION = YES;
				GCC_WARN_ABOUT_RETURN_TYPE = YES_ERROR;
				GCC_WARN_UNDECLARED_SELECTOR = YES;
				GCC_WARN_UNINITIALIZED_AUTOS = YES_AGGRESSIVE;
				GCC_WARN_UNUSED_FUNCTION = YES;
				GCC_WARN_UNUSED_VARIABLE = YES;
				IPHONEOS_DEPLOYMENT_TARGET = 16.4;
				MTL_ENABLE_DEBUG_INFO = NO;
				MTL_FAST_MATH = YES;
				SDKROOT = iphoneos;
				SWIFT_COMPILATION_MODE = wholemodule;
				SWIFT_OPTIMIZATION_LEVEL = "-O";
				VALIDATE_PRODUCT = YES;
			};
			name = Release;
		};
		98C26DC72A092F6C00FABD95 /* Debug */ = {
			isa = XCBuildConfiguration;
			buildSettings = {
				ASSETCATALOG_COMPILER_APPICON_NAME = AppIcon;
				ASSETCATALOG_COMPILER_GLOBAL_ACCENT_COLOR_NAME = AccentColor;
				CODE_SIGN_STYLE = Automatic;
				CURRENT_PROJECT_VERSION = 1;
				GENERATE_INFOPLIST_FILE = YES;
				INFOPLIST_FILE = Gacha/Info.plist;
				INFOPLIST_KEY_UIApplicationSupportsIndirectInputEvents = YES;
				INFOPLIST_KEY_UILaunchStoryboardName = LaunchScreen;
				INFOPLIST_KEY_UIMainStoryboardFile = Main;
				INFOPLIST_KEY_UISupportedInterfaceOrientations_iPad = "UIInterfaceOrientationPortrait UIInterfaceOrientationPortraitUpsideDown UIInterfaceOrientationLandscapeLeft UIInterfaceOrientationLandscapeRight";
				INFOPLIST_KEY_UISupportedInterfaceOrientations_iPhone = "UIInterfaceOrientationPortrait UIInterfaceOrientationLandscapeLeft UIInterfaceOrientationLandscapeRight";
				LD_RUNPATH_SEARCH_PATHS = (
					"$(inherited)",
					"@executable_path/Frameworks",
				);
				MARKETING_VERSION = 1.0;
				PRODUCT_BUNDLE_IDENTIFIER = app.muramatsu.cinnamon.Gacha;
				PRODUCT_NAME = "$(TARGET_NAME)";
				SWIFT_EMIT_LOC_STRINGS = YES;
				SWIFT_VERSION = 5.0;
				TARGETED_DEVICE_FAMILY = "1,2";
			};
			name = Debug;
		};
		98C26DC82A092F6C00FABD95 /* Release */ = {
			isa = XCBuildConfiguration;
			buildSettings = {
				ASSETCATALOG_COMPILER_APPICON_NAME = AppIcon;
				ASSETCATALOG_COMPILER_GLOBAL_ACCENT_COLOR_NAME = AccentColor;
				CODE_SIGN_STYLE = Automatic;
				CURRENT_PROJECT_VERSION = 1;
				GENERATE_INFOPLIST_FILE = YES;
				INFOPLIST_FILE = Gacha/Info.plist;
				INFOPLIST_KEY_UIApplicationSupportsIndirectInputEvents = YES;
				INFOPLIST_KEY_UILaunchStoryboardName = LaunchScreen;
				INFOPLIST_KEY_UIMainStoryboardFile = Main;
				INFOPLIST_KEY_UISupportedInterfaceOrientations_iPad = "UIInterfaceOrientationPortrait UIInterfaceOrientationPortraitUpsideDown UIInterfaceOrientationLandscapeLeft UIInterfaceOrientationLandscapeRight";
				INFOPLIST_KEY_UISupportedInterfaceOrientations_iPhone = "UIInterfaceOrientationPortrait UIInterfaceOrientationLandscapeLeft UIInterfaceOrientationLandscapeRight";
				LD_RUNPATH_SEARCH_PATHS = (
					"$(inherited)",
					"@executable_path/Frameworks",
				);
				MARKETING_VERSION = 1.0;
				PRODUCT_BUNDLE_IDENTIFIER = app.muramatsu.cinnamon.Gacha;
				PRODUCT_NAME = "$(TARGET_NAME)";
				SWIFT_EMIT_LOC_STRINGS = YES;
				SWIFT_VERSION = 5.0;
				TARGETED_DEVICE_FAMILY = "1,2";
			};
			name = Release;
		};
/* End XCBuildConfiguration section */

/* Begin XCConfigurationList section */
		98C26DAD2A092F6500FABD95 /* Build configuration list for PBXProject "Gacha" */ = {
			isa = XCConfigurationList;
			buildConfigurations = (
				98C26DC42A092F6C00FABD95 /* Debug */,
				98C26DC52A092F6C00FABD95 /* Release */,
			);
			defaultConfigurationIsVisible = 0;
			defaultConfigurationName = Release;
		};
		98C26DC62A092F6C00FABD95 /* Build configuration list for PBXNativeTarget "Gacha" */ = {
			isa = XCConfigurationList;
			buildConfigurations = (
				98C26DC72A092F6C00FABD95 /* Debug */,
				98C26DC82A092F6C00FABD95 /* Release */,
			);
			defaultConfigurationIsVisible = 0;
			defaultConfigurationName = Release;
		};
/* End XCConfigurationList section */
	};
	rootObject = 98C26DAA2A092F6500FABD95 /* Project object */;
}
